
Microsoft Visual Studio Solution File, Format Version 12.00
# Visual Studio 15
VisualStudioVersion = 15.0.27703.2035
MinimumVisualStudioVersion = 10.0.40219.1
Project("{FAE04EC0-301F-11D3-BF4B-00C04F79EFBC}") = "Metro", "Metro\Metro.csproj", "{E9CED861-4EAE-4FA6-827F-5AEC00E51DF0}"
EndProject
Project("{FAE04EC0-301F-11D3-BF4B-00C04F79EFBC}") = "LibMetro", "LibMetro\LibMetro.csproj", "{AB1886E0-EFB5-4015-AC1C-BBA58D121A5F}"
EndProject
Project("{FAE04EC0-301F-11D3-BF4B-00C04F79EFBC}") = "MetroWPF", "MetroWPF\MetroWPF.csproj", "{E77F6BC9-1376-49C2-82EA-6CC6DACBCB6C}"
EndProject
Global
	GlobalSection(SolutionConfigurationPlatforms) = preSolution
		Debug|Any CPU = Debug|Any CPU
		Release|Any CPU = Release|Any CPU
	EndGlobalSection
	GlobalSection(ProjectConfigurationPlatforms) = postSolution
		{E9CED861-4EAE-4FA6-827F-5AEC00E51DF0}.Debug|Any CPU.ActiveCfg = Debug|Any CPU
		{E9CED861-4EAE-4FA6-827F-5AEC00E51DF0}.Debug|Any CPU.Build.0 = Debug|Any CPU
		{E9CED861-4EAE-4FA6-827F-5AEC00E51DF0}.Release|Any CPU.ActiveCfg = Release|Any CPU
		{E9CED861-4EAE-4FA6-827F-5AEC00E51DF0}.Release|Any CPU.Build.0 = Release|Any CPU
		{AB1886E0-EFB5-4015-AC1C-BBA58D121A5F}.Debug|Any CPU.ActiveCfg = Debug|Any CPU
		{AB1886E0-EFB5-4015-AC1C-BBA58D121A5F}.Debug|Any CPU.Build.0 = Debug|Any CPU
		{AB1886E0-EFB5-4015-AC1C-BBA58D121A5F}.Release|Any CPU.ActiveCfg = Release|Any CPU
		{AB1886E0-EFB5-4015-AC1C-BBA58D121A5F}.Release|Any CPU.Build.0 = Release|Any CPU
		{E77F6BC9-1376-49C2-82EA-6CC6DACBCB6C}.Debug|Any CPU.ActiveCfg = Debug|Any CPU
		{E77F6BC9-1376-49C2-82EA-6CC6DACBCB6C}.Debug|Any CPU.Build.0 = Debug|Any CPU
		{E77F6BC9-1376-49C2-82EA-6CC6DACBCB6C}.Release|Any CPU.ActiveCfg = Release|Any CPU
		{E77F6BC9-1376-49C2-82EA-6CC6DACBCB6C}.Release|Any CPU.Build.0 = Release|Any CPU
	EndGlobalSection
	GlobalSection(SolutionProperties) = preSolution
		HideSolutionNode = FALSE
	EndGlobalSection
	GlobalSection(ExtensibilityGlobals) = postSolution
		SolutionGuid = {008FEF0F-72E9-4B0E-8932-3741808083E7}
	EndGlobalSection
EndGlobal
